{
  "name": "IncomeExpense",
  "lockfileVersion": 3,
  "requires": true,
  "packages": {
    "": {
      "dependencies": {
        "@syncfusion/ej2-ng-charts": "^16.2.50",
        "chart.js": "^4.4.2",
        "ng2-charts": "^6.0.0"
      }
    },
    "node_modules/@angular/cdk": {
      "version": "17.2.1",
      "resolved": "https://registry.npmjs.org/@angular/cdk/-/cdk-17.2.1.tgz",
      "integrity": "sha512-9cWV9MyWnpImns/WQApgoQBKblXA9Zx2CpCkDNipRgx9RyvGrvCLjpEfwQI4HjpPAQDI1trsbeJKihzgz4tFgw==",
      "peer": true,
      "dependencies": {
        "tslib": "^2.3.0"
      },
      "optionalDependencies": {
        "parse5": "^7.1.2"
      },
      "peerDependencies": {
        "@angular/common": "^17.0.0 || ^18.0.0",
        "@angular/core": "^17.0.0 || ^18.0.0",
        "rxjs": "^6.5.3 || ^7.4.0"
      }
    },
    "node_modules/@angular/cdk/node_modules/tslib": {
      "version": "2.6.2",
      "resolved": "https://registry.npmjs.org/tslib/-/tslib-2.6.2.tgz",
      "integrity": "sha512-AEYxH93jGFPn/a2iVAwW87VuUIkR1FVUKB77NwMF7nBTDkDrrT/Hpt/IrCJ0QXhW27jTBDcf5ZY7w6RiqTMw2Q==",
      "peer": true
    },
    "node_modules/@angular/common": {
      "version": "17.2.3",
      "resolved": "https://registry.npmjs.org/@angular/common/-/common-17.2.3.tgz",
      "integrity": "sha512-XR3rWS4W7/+RknyJMUUo9E81mSeyUznpclqTZ+Hy7+i4Naeso0qcRaIyr6JJmB5UGvlnfT1MlH9Fj78Dc80NEw==",
      "peer": true,
      "dependencies": {
        "tslib": "^2.3.0"
      },
      "engines": {
        "node": "^18.13.0 || >=20.9.0"
      },
      "peerDependencies": {
        "@angular/core": "17.2.3",
        "rxjs": "^6.5.3 || ^7.4.0"
      }
    },
    "node_modules/@angular/common/node_modules/tslib": {
      "version": "2.6.2",
      "resolved": "https://registry.npmjs.org/tslib/-/tslib-2.6.2.tgz",
      "integrity": "sha512-AEYxH93jGFPn/a2iVAwW87VuUIkR1FVUKB77NwMF7nBTDkDrrT/Hpt/IrCJ0QXhW27jTBDcf5ZY7w6RiqTMw2Q==",
      "peer": true
    },
    "node_modules/@angular/compiler": {
      "version": "6.1.10",
      "resolved": "https://registry.npmjs.org/@angular/compiler/-/compiler-6.1.10.tgz",
      "integrity": "sha512-FPIb2j3zfoBwb6vo/u0gQeu70h8InGlSisBr3xMACs/35/pwB6kbQR+JQiUr0D7k6QApg7AuMkvq8aFNelg0aw==",
      "peer": true,
      "dependencies": {
        "tslib": "^1.9.0"
      }
    },
    "node_modules/@angular/core": {
      "version": "17.2.3",
      "resolved": "https://registry.npmjs.org/@angular/core/-/core-17.2.3.tgz",
      "integrity": "sha512-DU+RdUB4E4I489R2P2hOrgkCDJNXlVaTzYixpgeDnuldCIYM0MatEzjor9DYNL3EDCayHF+M4HlVOcn6T/IVPQ==",
      "peer": true,
      "dependencies": {
        "tslib": "^2.3.0"
      },
      "engines": {
        "node": "^18.13.0 || >=20.9.0"
      },
      "peerDependencies": {
        "rxjs": "^6.5.3 || ^7.4.0",
        "zone.js": "~0.14.0"
      }
    },
    "node_modules/@angular/core/node_modules/tslib": {
      "version": "2.6.2",
      "resolved": "https://registry.npmjs.org/tslib/-/tslib-2.6.2.tgz",
      "integrity": "sha512-AEYxH93jGFPn/a2iVAwW87VuUIkR1FVUKB77NwMF7nBTDkDrrT/Hpt/IrCJ0QXhW27jTBDcf5ZY7w6RiqTMw2Q==",
      "peer": true
    },
    "node_modules/@angular/platform-browser": {
      "version": "17.2.3",
      "resolved": "https://registry.npmjs.org/@angular/platform-browser/-/platform-browser-17.2.3.tgz",
      "integrity": "sha512-bFi+H8avyCjwSBy+zpOKmqx852MRH8fkuZa4XgwKCPJRay8BfSCjHdtIo3eokUNPMu9JsyXM7HYKIfzLu5y6LA==",
      "peer": true,
      "dependencies": {
        "tslib": "^2.3.0"
      },
      "engines": {
        "node": "^18.13.0 || >=20.9.0"
      },
      "peerDependencies": {
        "@angular/animations": "17.2.3",
        "@angular/common": "17.2.3",
        "@angular/core": "17.2.3"
      },
      "peerDependenciesMeta": {
        "@angular/animations": {
          "optional": true
        }
      }
    },
    "node_modules/@angular/platform-browser/node_modules/tslib": {
      "version": "2.6.2",
      "resolved": "https://registry.npmjs.org/tslib/-/tslib-2.6.2.tgz",
      "integrity": "sha512-AEYxH93jGFPn/a2iVAwW87VuUIkR1FVUKB77NwMF7nBTDkDrrT/Hpt/IrCJ0QXhW27jTBDcf5ZY7w6RiqTMw2Q==",
      "peer": true
    },
    "node_modules/@kurkle/color": {
      "version": "0.3.2",
      "resolved": "https://registry.npmjs.org/@kurkle/color/-/color-0.3.2.tgz",
      "integrity": "sha512-fuscdXJ9G1qb7W8VdHi+IwRqij3lBkosAm4ydQtEmbY58OzHXqQhvlxqEkoz0yssNVn38bcpRWgA9PP+OGoisw=="
    },
    "node_modules/@syncfusion/ej2-base": {
      "version": "16.2.50",
      "resolved": "https://registry.npmjs.org/@syncfusion/ej2-base/-/ej2-base-16.2.50.tgz",
      "integrity": "sha512-QBUTiiRVkSexwlMLUrPX4T7ihnHGK800mTQUYo7EqbIC+jKRNf/qpw7HD8mDsb93uBA4VWB1k26IoDLN+TqBWA=="
    },
    "node_modules/@syncfusion/ej2-buttons": {
      "version": "16.2.50",
      "resolved": "https://registry.npmjs.org/@syncfusion/ej2-buttons/-/ej2-buttons-16.2.50.tgz",
      "integrity": "sha512-UN0xeV/lLSM1NGjpC3kwv7kP7aX6WeS3mV1AbILAWVuKDG/QqQnea6bh4kFkSBnkTR+AkGxoEOKpLhjLCgOgnA==",
      "dependencies": {
        "@syncfusion/ej2-base": "~16.2.50"
      }
    },
    "node_modules/@syncfusion/ej2-calendars": {
      "version": "16.2.53",
      "resolved": "https://registry.npmjs.org/@syncfusion/ej2-calendars/-/ej2-calendars-16.2.53.tgz",
      "integrity": "sha512-mawtbWw2gMvNr1jJLjPPDm2VMic/3DQWEtGXLn05CJ5NBJQ8p0xl0qzFUol4+nnRG91MLC7cN2W6TOl2arFGKg==",
      "dependencies": {
        "@syncfusion/ej2-base": "~16.2.50",
        "@syncfusion/ej2-buttons": "~16.2.50",
        "@syncfusion/ej2-inputs": "~16.2.53",
        "@syncfusion/ej2-lists": "~16.2.50",
        "@syncfusion/ej2-popups": "~16.2.52"
      }
    },
    "node_modules/@syncfusion/ej2-charts": {
      "version": "16.2.50",
      "resolved": "https://registry.npmjs.org/@syncfusion/ej2-charts/-/ej2-charts-16.2.50.tgz",
      "integrity": "sha512-Uq/G8/J3RzxEyAyw8ucy2C5gb4r8W0h2TvfPmcSnpQZdcQfKDRtS7FszgJhfKsMYEwBo4mgHD1Q4UA693FQsGQ==",
      "dependencies": {
        "@syncfusion/ej2-base": "~16.2.50",
        "@syncfusion/ej2-calendars": "~16.2.50",
        "@syncfusion/ej2-compression": "~16.2.50",
        "@syncfusion/ej2-data": "~16.2.50",
        "@syncfusion/ej2-file-utils": "~16.2.50",
        "@syncfusion/ej2-navigations": "~16.2.50",
        "@syncfusion/ej2-pdf-export": "~16.2.50",
        "@syncfusion/ej2-svg-base": "~16.2.50"
      }
    },
    "node_modules/@syncfusion/ej2-compression": {
      "version": "16.2.50",
      "resolved": "https://registry.npmjs.org/@syncfusion/ej2-compression/-/ej2-compression-16.2.50.tgz",
      "integrity": "sha512-CB/5MQn3C18NPilMN0RSx7QcAaDsz9xdkbJs0FQTypDu7xBS++FcVGdjpYZCoHEaBk9VLbEroT6QUaSoA5Xz6g==",
      "dependencies": {
        "@syncfusion/ej2-file-utils": "~16.2.50"
      }
    },
    "node_modules/@syncfusion/ej2-data": {
      "version": "16.2.52",
      "resolved": "https://registry.npmjs.org/@syncfusion/ej2-data/-/ej2-data-16.2.52.tgz",
      "integrity": "sha512-2JnINrQPeUEEBJ+vHfMsIYTQmDY9VyZfUfP8BXuEVIyta1pKdCJ54OW7bbaxaj/qAKbzhTe0HhhJRVO5O458iA==",
      "dependencies": {
        "@syncfusion/ej2-base": "~16.2.50"
      }
    },
    "node_modules/@syncfusion/ej2-file-utils": {
      "version": "16.2.50",
      "resolved": "https://registry.npmjs.org/@syncfusion/ej2-file-utils/-/ej2-file-utils-16.2.50.tgz",
      "integrity": "sha512-URbvdMLADVQ5z8pkY+RI/ObM/d0r8vdPc/XFjhmm8LmH9WN7jXDePbZEfEtj87pZ88V7BTVIAlXDPtiQkEuT0g=="
    },
    "node_modules/@syncfusion/ej2-inputs": {
      "version": "16.2.53",
      "resolved": "https://registry.npmjs.org/@syncfusion/ej2-inputs/-/ej2-inputs-16.2.53.tgz",
      "integrity": "sha512-ipi6i2zbAWRPqgui4iLwPYdNdS1yvmBuWDSE3Fip7X2/xWFRW2P+mYu6pSo1Dm4vLeBwSgynbwVUsFxsRyxzow==",
      "dependencies": {
        "@syncfusion/ej2-base": "~16.2.50",
        "@syncfusion/ej2-buttons": "~16.2.50",
        "@syncfusion/ej2-popups": "~16.2.52",
        "@syncfusion/ej2-splitbuttons": "~16.2.50"
      }
    },
    "node_modules/@syncfusion/ej2-lists": {
      "version": "16.2.50",
      "resolved": "https://registry.npmjs.org/@syncfusion/ej2-lists/-/ej2-lists-16.2.50.tgz",
      "integrity": "sha512-QZcgNW6aUud1tYNOoldfKs+nT9Wr8q0k2orMEjsEY1elIR2Wp7ych53s85ze9HHAMsJgGtoDQLVMGrUutyeyIQ==",
      "dependencies": {
        "@syncfusion/ej2-base": "~16.2.50",
        "@syncfusion/ej2-buttons": "~16.2.50",
        "@syncfusion/ej2-data": "~16.2.50"
      }
    },
    "node_modules/@syncfusion/ej2-navigations": {
      "version": "16.2.50",
      "resolved": "https://registry.npmjs.org/@syncfusion/ej2-navigations/-/ej2-navigations-16.2.50.tgz",
      "integrity": "sha512-TuJORqE2GujpUT/06lkBGBxqC610iKIYdh+jKVro0W+S1tZytMGcLy4eK9PRpo3dDlHqnsT8rzIISL8QovzbIQ==",
      "dependencies": {
        "@syncfusion/ej2-base": "~16.2.50",
        "@syncfusion/ej2-buttons": "~16.2.50",
        "@syncfusion/ej2-data": "~16.2.50",
        "@syncfusion/ej2-inputs": "~16.2.50",
        "@syncfusion/ej2-lists": "~16.2.50",
        "@syncfusion/ej2-popups": "~16.2.50"
      }
    },
    "node_modules/@syncfusion/ej2-ng-charts": {
      "version": "16.2.50",
      "resolved": "https://registry.npmjs.org/@syncfusion/ej2-ng-charts/-/ej2-ng-charts-16.2.50.tgz",
      "integrity": "sha512-fwygRyws4SyA79HbmstfwRPBnffcLKvvr6fJlSTEtfR/tUvs5sewJQ1rU5t8P/8l8N96H32/dk4OXjrdGYFkKw==",
      "deprecated": "The ej2-ng-charts package is now renamed as ej2-angular-charts from Volume 3, 2018 Beta (v16.3.17) release.",
      "dependencies": {
        "@syncfusion/ej2-base": "~16.2.50",
        "@syncfusion/ej2-charts": "16.2.50",
        "@syncfusion/ej2-ng-base": "~16.2.50"
      }
    },
    "node_modules/@syncfusion/ej2-ng-charts/node_modules/@angular/common": {
      "version": "6.1.10",
      "resolved": "https://registry.npmjs.org/@angular/common/-/common-6.1.10.tgz",
      "integrity": "sha512-73xxTSYJNKfiJ7C1Ajg+sz5l8y+blb/vNgHYg7O3yem5zLBnfPpidJ1UGg4W4d2Y+jwUVJbZKh8SKJarqAJVUQ==",
      "peer": true,
      "dependencies": {
        "tslib": "^1.9.0"
      },
      "peerDependencies": {
        "@angular/core": "6.1.10",
        "rxjs": "^6.0.0"
      }
    },
    "node_modules/@syncfusion/ej2-ng-charts/node_modules/@angular/core": {
      "version": "6.1.10",
      "resolved": "https://registry.npmjs.org/@angular/core/-/core-6.1.10.tgz",
      "integrity": "sha512-61l3rIQTVdT45eOf6/fBJIeVmV10mcrxqS4N/1OWkuDT29YSJTZSxGcv8QjAyyutuhcqWWpO6gVRkN07rWmkPg==",
      "peer": true,
      "dependencies": {
        "tslib": "^1.9.0"
      },
      "peerDependencies": {
        "rxjs": "^6.0.0",
        "zone.js": "~0.8.26"
      }
    },
    "node_modules/@syncfusion/ej2-ng-charts/node_modules/@angular/forms": {
      "version": "6.1.10",
      "resolved": "https://registry.npmjs.org/@angular/forms/-/forms-6.1.10.tgz",
      "integrity": "sha512-zAPx2kMV1/FbP5DrY472Sd/ze1m+GS6T5ullZCtP392r62p2RkwzDCXieR51YiRJjZj3M6c3AcRND7PWBdXT7A==",
      "peer": true,
      "dependencies": {
        "tslib": "^1.9.0"
      },
      "peerDependencies": {
        "@angular/common": "6.1.10",
        "@angular/core": "6.1.10",
        "@angular/platform-browser": "6.1.10",
        "rxjs": "^6.0.0"
      }
    },
    "node_modules/@syncfusion/ej2-ng-charts/node_modules/@angular/http": {
      "version": "6.1.10",
      "resolved": "https://registry.npmjs.org/@angular/http/-/http-6.1.10.tgz",
      "integrity": "sha512-LDsSqyexh8fj23y+G2oSGLWSZVhbxBBo2ehYHnRgH/jlp0pmZVLRaGgUMNSCVtZc1rxLzpEjZjtw+P+qlutAtw==",
      "deprecated": "Package no longer supported. Use @angular/common instead, see https://angular.io/guide/deprecations#angularhttp",
      "peer": true,
      "dependencies": {
        "tslib": "^1.9.0"
      },
      "peerDependencies": {
        "@angular/core": "6.1.10",
        "@angular/platform-browser": "6.1.10",
        "rxjs": "^6.0.0"
      }
    },
    "node_modules/@syncfusion/ej2-ng-charts/node_modules/@angular/platform-browser": {
      "version": "6.1.10",
      "resolved": "https://registry.npmjs.org/@angular/platform-browser/-/platform-browser-6.1.10.tgz",
      "integrity": "sha512-CB7pqMwtgb7KjdHDAJlsXcs0rrU+2xQVaoOaqEfJtUrKhtGMLaZh8Qoic5l92SoGattkOw7SYarAOsWlAsVfvw==",
      "peer": true,
      "dependencies": {
        "tslib": "^1.9.0"
      },
      "peerDependencies": {
        "@angular/common": "6.1.10",
        "@angular/core": "6.1.10"
      }
    },
    "node_modules/@syncfusion/ej2-ng-charts/node_modules/@angular/platform-browser-dynamic": {
      "version": "6.1.10",
      "resolved": "https://registry.npmjs.org/@angular/platform-browser-dynamic/-/platform-browser-dynamic-6.1.10.tgz",
      "integrity": "sha512-DmBSUyFPoyKqkmBXyJ2CrP1oXDioeoBlPA8lmWUDUv2yBuoHIzIkdY/OkTZbdyu/QYa1hK2Jl9OlfoeoenKddg==",
      "peer": true,
      "dependencies": {
        "tslib": "^1.9.0"
      },
      "peerDependencies": {
        "@angular/common": "6.1.10",
        "@angular/compiler": "6.1.10",
        "@angular/core": "6.1.10",
        "@angular/platform-browser": "6.1.10"
      }
    },
    "node_modules/@syncfusion/ej2-ng-charts/node_modules/@angular/router": {
      "version": "6.1.10",
      "resolved": "https://registry.npmjs.org/@angular/router/-/router-6.1.10.tgz",
      "integrity": "sha512-tekI3dkdvd65oMoxjjgRA+16uDgPUBWHhYxids6pgO8vobZNtCo8VaVlcDyLUhdmtS5kONELx0iL5E2M0Y2Bag==",
      "peer": true,
      "dependencies": {
        "tslib": "^1.9.0"
      },
      "peerDependencies": {
        "@angular/common": "6.1.10",
        "@angular/core": "6.1.10",
        "@angular/platform-browser": "6.1.10",
        "rxjs": "^6.0.0"
      }
    },
    "node_modules/@syncfusion/ej2-ng-charts/node_modules/@syncfusion/ej2-ng-base": {
      "version": "16.2.53",
      "resolved": "https://registry.npmjs.org/@syncfusion/ej2-ng-base/-/ej2-ng-base-16.2.53.tgz",
      "integrity": "sha512-fYlj7kqPm9OzMtZ0S7PFLjp6vNEJGNV22izl1qJeVugnIrDe3tEK5Wlf4w7wLwR35vc49nxiofpy/RB3mGbodA==",
      "dependencies": {
        "@syncfusion/ej2-base": "~16.2.50",
        "core-js": "^2.4.1",
        "reflect-metadata": "^0.1.9",
        "rxjs": "^5.0.0",
        "zone.js": "^0.7.2"
      },
      "peerDependencies": {
        "@angular/common": "2.2.1 - 6.10.0",
        "@angular/compiler": "2.2.1 - 6.10.0",
        "@angular/core": "2.2.1 - 6.10.0",
        "@angular/forms": "2.2.1 - 6.10.0",
        "@angular/http": "2.2.1 - 6.10.0",
        "@angular/platform-browser": "2.2.1 - 6.10.0",
        "@angular/platform-browser-dynamic": "2.2.1 - 6.10.0",
        "@angular/router": "2.2.1 - 6.10.0"
      }
    },
    "node_modules/@syncfusion/ej2-ng-charts/node_modules/@syncfusion/ej2-ng-base/node_modules/rxjs": {
      "version": "5.5.12",
      "resolved": "https://registry.npmjs.org/rxjs/-/rxjs-5.5.12.tgz",
      "integrity": "sha512-xx2itnL5sBbqeeiVgNPVuQQ1nC8Jp2WfNJhXWHmElW9YmrpS9UVnNzhP3EH3HFqexO5Tlp8GhYY+WEcqcVMvGw==",
      "dependencies": {
        "symbol-observable": "1.0.1"
      },
      "engines": {
        "npm": ">=2.0.0"
      }
    },
    "node_modules/@syncfusion/ej2-ng-charts/node_modules/@syncfusion/ej2-ng-base/node_modules/zone.js": {
      "version": "0.7.8",
      "resolved": "https://registry.npmjs.org/zone.js/-/zone.js-0.7.8.tgz",
      "integrity": "sha512-u7Hdq+ZRTN/fxoa/G/IYNhkTqUlFODtJIc7iE1EAhhsnjRa/NroQ2ApaKUiVu5W4fpXXjH17Ia7eUtF2sQKgsQ=="
    },
    "node_modules/@syncfusion/ej2-ng-charts/node_modules/zone.js": {
      "version": "0.8.29",
      "resolved": "https://registry.npmjs.org/zone.js/-/zone.js-0.8.29.tgz",
      "integrity": "sha512-mla2acNCMkWXBD+c+yeUrBUrzOxYMNFdQ6FGfigGGtEVBPJx07BQeJekjt9DmH1FtZek4E9rE1eRR9qQpxACOQ==",
      "peer": true
    },
    "node_modules/@syncfusion/ej2-pdf-export": {
      "version": "16.2.50",
      "resolved": "https://registry.npmjs.org/@syncfusion/ej2-pdf-export/-/ej2-pdf-export-16.2.50.tgz",
      "integrity": "sha512-fpiVsbuVdDZEJLg/qBJIXJxKGzlgYcX0KVv71x1Cwm6De8GhqyGFKaolyejOtzbmzD6f2omjcCBJoTiDnbbekA==",
      "dependencies": {
        "@syncfusion/ej2-compression": "~16.2.50"
      }
    },
    "node_modules/@syncfusion/ej2-popups": {
      "version": "16.2.52",
      "resolved": "https://registry.npmjs.org/@syncfusion/ej2-popups/-/ej2-popups-16.2.52.tgz",
      "integrity": "sha512-gFz5eQ+6zRN0Cnb5oE8fbvbUFedhxck3T27u+FZqLdbsN2Pl8sWWQf6CrJANtxLormqrrv7nXiEOAFWa9To8MQ==",
      "dependencies": {
        "@syncfusion/ej2-base": "~16.2.50",
        "@syncfusion/ej2-buttons": "~16.2.50"
      }
    },
    "node_modules/@syncfusion/ej2-splitbuttons": {
      "version": "16.2.50",
      "resolved": "https://registry.npmjs.org/@syncfusion/ej2-splitbuttons/-/ej2-splitbuttons-16.2.50.tgz",
      "integrity": "sha512-gfAxovIJY8+EWD+jM6ErAxqD6Fdh1GviE1qMluVWDSbcfTnv77IAxqj/9RB8R4q5efw0A9tqdejtgwu62UqGzA==",
      "dependencies": {
        "@syncfusion/ej2-base": "~16.2.50",
        "@syncfusion/ej2-popups": "~16.2.50"
      }
    },
    "node_modules/@syncfusion/ej2-svg-base": {
      "version": "16.2.50",
      "resolved": "https://registry.npmjs.org/@syncfusion/ej2-svg-base/-/ej2-svg-base-16.2.50.tgz",
      "integrity": "sha512-+NTpWsceLBWev5QIY0Hy+v3vuPEHLkjbp7bO/XELFa9t4gTa274K6/D4pmRy88NdnjFp7HcN1iyqdM0BklNvYA==",
      "dependencies": {
        "@syncfusion/ej2-base": "~16.2.50"
      }
    },
    "node_modules/chart.js": {
      "version": "4.4.2",
      "resolved": "https://registry.npmjs.org/chart.js/-/chart.js-4.4.2.tgz",
      "integrity": "sha512-6GD7iKwFpP5kbSD4MeRRRlTnQvxfQREy36uEtm1hzHzcOqwWx0YEHuspuoNlslu+nciLIB7fjjsHkUv/FzFcOg==",
      "dependencies": {
        "@kurkle/color": "^0.3.0"
      },
      "engines": {
        "pnpm": ">=8"
      }
    },
    "node_modules/core-js": {
      "version": "2.6.12",
      "resolved": "https://registry.npmjs.org/core-js/-/core-js-2.6.12.tgz",
      "integrity": "sha512-Kb2wC0fvsWfQrgk8HU5lW6U/Lcs8+9aaYcy4ZFc6DDlo4nZ7n70dEgE5rtR0oG6ufKDUnrwfWL1mXR5ljDatrQ==",
      "deprecated": "core-js@<3.23.3 is no longer maintained and not recommended for usage due to the number of issues. Because of the V8 engine whims, feature detection in old core-js versions could cause a slowdown up to 100x even if nothing is polyfilled. Some versions have web compatibility issues. Please, upgrade your dependencies to the actual version of core-js.",
      "hasInstallScript": true
    },
    "node_modules/entities": {
      "version": "4.5.0",
      "resolved": "https://registry.npmjs.org/entities/-/entities-4.5.0.tgz",
      "integrity": "sha512-V0hjH4dGPh9Ao5p0MoRY6BVqtwCjhz6vI5LT8AJ55H+4g9/4vbHx1I54fS0XuclLhDHArPQCiMjDxjaL8fPxhw==",
      "optional": true,
      "peer": true,
      "engines": {
        "node": ">=0.12"
      },
      "funding": {
        "url": "https://github.com/fb55/entities?sponsor=1"
      }
    },
    "node_modules/lodash-es": {
      "version": "4.17.21",
      "resolved": "https://registry.npmjs.org/lodash-es/-/lodash-es-4.17.21.tgz",
      "integrity": "sha512-mKnC+QJ9pWVzv+C4/U3rRsHapFfHvQFoFB92e52xeyGMcX6/OlIl78je1u8vePzYZSkkogMPJ2yjxxsb89cxyw=="
    },
    "node_modules/ng2-charts": {
      "version": "6.0.0",
      "resolved": "https://registry.npmjs.org/ng2-charts/-/ng2-charts-6.0.0.tgz",
      "integrity": "sha512-Hg45RDOoFoXSDya4U8t2IW2teKnXjy10zJVij65G/62Si+A5+uu8hKQKkBahxg67iTdpOwtyPGnQJ/chHVfFVA==",
      "dependencies": {
        "lodash-es": "^4.17.15",
        "tslib": "^2.3.0"
      },
      "peerDependencies": {
        "@angular/cdk": ">=17.0.0",
        "@angular/common": ">=17.0.0",
        "@angular/core": ">=17.0.0",
        "@angular/platform-browser": ">=17.0.0",
        "chart.js": "^3.4.0 || ^4.0.0",
        "rxjs": "^6.5.3 || ^7.4.0"
      }
    },
    "node_modules/ng2-charts/node_modules/tslib": {
      "version": "2.6.2",
      "resolved": "https://registry.npmjs.org/tslib/-/tslib-2.6.2.tgz",
      "integrity": "sha512-AEYxH93jGFPn/a2iVAwW87VuUIkR1FVUKB77NwMF7nBTDkDrrT/Hpt/IrCJ0QXhW27jTBDcf5ZY7w6RiqTMw2Q=="
    },
    "node_modules/parse5": {
      "version": "7.1.2",
      "resolved": "https://registry.npmjs.org/parse5/-/parse5-7.1.2.tgz",
      "integrity": "sha512-Czj1WaSVpaoj0wbhMzLmWD69anp2WH7FXMB9n1Sy8/ZFF9jolSQVMu1Ij5WIyGmcBmhk7EOndpO4mIpihVqAXw==",
      "optional": true,
      "peer": true,
      "dependencies": {
        "entities": "^4.4.0"
      },
      "funding": {
        "url": "https://github.com/inikulin/parse5?sponsor=1"
      }
    },
    "node_modules/reflect-metadata": {
      "version": "0.1.14",
      "resolved": "https://registry.npmjs.org/reflect-metadata/-/reflect-metadata-0.1.14.tgz",
      "integrity": "sha512-ZhYeb6nRaXCfhnndflDK8qI6ZQ/YcWZCISRAWICW9XYqMUwjZM9Z0DveWX/ABN01oxSHwVxKQmxeYZSsm0jh5A=="
    },
    "node_modules/rxjs": {
      "version": "6.6.7",
      "resolved": "https://registry.npmjs.org/rxjs/-/rxjs-6.6.7.tgz",
      "integrity": "sha512-hTdwr+7yYNIT5n4AMYp85KA6yw2Va0FLa3Rguvbpa4W3I5xynaBZo41cM3XM+4Q6fRMj3sBYIR1VAmZMXYJvRQ==",
      "peer": true,
      "dependencies": {
        "tslib": "^1.9.0"
      },
      "engines": {
        "npm": ">=2.0.0"
      }
    },
    "node_modules/symbol-observable": {
      "version": "1.0.1",
      "resolved": "https://registry.npmjs.org/symbol-observable/-/symbol-observable-1.0.1.tgz",
      "integrity": "sha512-Kb3PrPYz4HanVF1LVGuAdW6LoVgIwjUYJGzFe7NDrBLCN4lsV/5J0MFurV+ygS4bRVwrCEt2c7MQ1R2a72oJDw==",
      "engines": {
        "node": ">=0.10.0"
      }
    },
    "node_modules/tslib": {
      "version": "1.14.1",
      "resolved": "https://registry.npmjs.org/tslib/-/tslib-1.14.1.tgz",
      "integrity": "sha512-Xni35NKzjgMrwevysHTCArtLDpPvye8zV/0E4EyYn43P7/7qvQwPh9BGkHewbMulVntbigmcT7rdX3BNo9wRJg==",
      "peer": true
    },
    "node_modules/zone.js": {
      "version": "0.14.4",
      "resolved": "https://registry.npmjs.org/zone.js/-/zone.js-0.14.4.tgz",
      "integrity": "sha512-NtTUvIlNELez7Q1DzKVIFZBzNb646boQMgpATo9z3Ftuu/gWvzxCW7jdjcUDoRGxRikrhVHB/zLXh1hxeJawvw==",
      "peer": true,
      "dependencies": {
        "tslib": "^2.3.0"
      }
    },
    "node_modules/zone.js/node_modules/tslib": {
      "version": "2.6.2",
      "resolved": "https://registry.npmjs.org/tslib/-/tslib-2.6.2.tgz",
      "integrity": "sha512-AEYxH93jGFPn/a2iVAwW87VuUIkR1FVUKB77NwMF7nBTDkDrrT/Hpt/IrCJ0QXhW27jTBDcf5ZY7w6RiqTMw2Q==",
      "peer": true
    }
  }
}
